github.com/csgura/fp v0.0.19 h1:Mzv3a20bfpq0hGgQ/88oIqN31UZUFwbylwvuW5TLrII=
github.com/csgura/fp v0.0.19/go.mod h1:mL9i+E0OtkDHhqAVYa3DPpujQm0bBjwJu7RMOvavo6o=
github.com/csgura/fp v0.0.20-0.20250626083827-6474d18783e5 h1:Z+PJlYIuK49Pt9EtHzWiasKbc2ERdHcJ0xkBTCKyJFk=
github.com/csgura/fp v0.0.20-0.20250626083827-6474d18783e5/go.mod h1:mL9i+E0OtkDHhqAVYa3DPpujQm0bBjwJu7RMOvavo6o=
